
Microsoft Visual Studio Solution File, Format Version 12.00
# Visual Studio Version 17
VisualStudioVersion = 17.14.36414.22 d17.14
MinimumVisualStudioVersion = 10.0.40219.1
Project("{FAE04EC0-301F-11D3-BF4B-00C04F79EFBC}") = "JewleryShopproject", "JewleryShopproject\JewleryShopproject.csproj", "{463B1E15-D736-4D27-A9D5-58F4FC1FB7A8}"
EndProject
Global
	GlobalSection(SolutionConfigurationPlatforms) = preSolution
		Debug|Any CPU = Debug|Any CPU
		Release|Any CPU = Release|Any CPU
	EndGlobalSection
	GlobalSection(ProjectConfigurationPlatforms) = postSolution
		{463B1E15-D736-4D27-A9D5-58F4FC1FB7A8}.Debug|Any CPU.ActiveCfg = Debug|Any CPU
		{463B1E15-D736-4D27-A9D5-58F4FC1FB7A8}.Debug|Any CPU.Build.0 = Debug|Any CPU
		{463B1E15-D736-4D27-A9D5-58F4FC1FB7A8}.Release|Any CPU.ActiveCfg = Release|Any CPU
		{463B1E15-D736-4D27-A9D5-58F4FC1FB7A8}.Release|Any CPU.Build.0 = Release|Any CPU
	EndGlobalSection
	GlobalSection(SolutionProperties) = preSolution
		HideSolutionNode = FALSE
	EndGlobalSection
	GlobalSection(ExtensibilityGlobals) = postSolution
		SolutionGuid = {6388CCFA-6A1F-4733-A764-2BE780ECF0AB}
	EndGlobalSection
EndGlobal
